<?xml version="1.0" encoding="utf-8"?>
<Project ToolsVersion="4.0" xmlns="http://schemas.microsoft.com/developer/msbuild/2003">
  <ItemGroup>
    <Filter Include="Source Files">
      <UniqueIdentifier>{4FC737F1-C7A5-4376-A066-2A32D752A2FF}</UniqueIdentifier>
      <Extensions>cpp;c;cc;cxx;c++;cppm;ixx;def;odl;idl;hpj;bat;asm;asmx</Extensions>
    </Filter>
    <Filter Include="Header Files">
      <UniqueIdentifier>{93995380-89BD-4b04-88EB-625FBE52EBFB}</UniqueIdentifier>
      <Extensions>h;hh;hpp;hxx;h++;hm;inl;inc;ipp;xsd</Extensions>
    </Filter>
    <Filter Include="Resource Files">
      <UniqueIdentifier>{67DA6AB6-F800-4c08-8B7A-83BB121AAD01}</UniqueIdentifier>
      <Extensions>rc;ico;cur;bmp;dlg;rc2;rct;bin;rgs;gif;jpg;jpeg;jpe;resx;tiff;tif;png;wav;mfcribbon-ms</Extensions>
    </Filter>
    <Filter Include="Header Files\Tools">
      <UniqueIdentifier>{ae63da3a-5f6d-4008-8a7a-693188519b0d}</UniqueIdentifier>
    </Filter>
    <Filter Include="Source Files\Tools">
      <UniqueIdentifier>{be35d15c-a38a-418e-b8fe-c7c051ea6c04}</UniqueIdentifier>
    </Filter>
    <Filter Include="Header Files\Managers">
      <UniqueIdentifier>{64a82971-9d8a-4efa-a6d8-6f637654a744}</UniqueIdentifier>
    </Filter>
    <Filter Include="Source Files\Managers">
      <UniqueIdentifier>{b22c05c7-d868-4e03-b8cc-22f8c868ecdd}</UniqueIdentifier>
    </Filter>
    <Filter Include="Header Files\Buttons">
      <UniqueIdentifier>{5722487b-44a2-46d4-9fe9-67639e3dee46}</UniqueIdentifier>
    </Filter>
    <Filter Include="Source Files\Buttons">
      <UniqueIdentifier>{594535bc-643f-4b08-8ca7-bb13a5d2ebf3}</UniqueIdentifier>
    </Filter>
    <Filter Include="Source Files\Buttons\Color Picker Buttons">
      <UniqueIdentifier>{30924f92-6021-4011-9c89-47867202f10d}</UniqueIdentifier>
    </Filter>
    <Filter Include="Header Files\Buttons\Color Picker Buttons">
      <UniqueIdentifier>{42da7684-115d-4b97-a85f-81a9c12b76c4}</UniqueIdentifier>
    </Filter>
  </ItemGroup>
  <ItemGroup>
    <ClCompile Include="main.cpp">
      <Filter>Source Files</Filter>
    </ClCompile>
    <ClCompile Include="cRectangle.cpp">
      <Filter>Source Files\Tools</Filter>
    </ClCompile>
    <ClCompile Include="cCanvas.cpp">
      <Filter>Source Files</Filter>
    </ClCompile>
    <ClCompile Include="cEventManager.cpp">
      <Filter>Source Files\Managers</Filter>
    </ClCompile>
    <ClCompile Include="cToolManager.cpp">
      <Filter>Source Files\Managers</Filter>
    </ClCompile>
    <ClCompile Include="cTool.cpp">
      <Filter>Source Files\Tools</Filter>
    </ClCompile>
    <ClCompile Include="cWindowManager.cpp">
      <Filter>Source Files\Managers</Filter>
    </ClCompile>
    <ClCompile Include="cButtonRectangle.cpp">
      <Filter>Source Files\Buttons</Filter>
    </ClCompile>
    <ClCompile Include="cButtonManager.cpp">
      <Filter>Source Files\Managers</Filter>
    </ClCompile>
    <ClCompile Include="cButtonEllipse.cpp">
      <Filter>Source Files\Buttons</Filter>
    </ClCompile>
    <ClCompile Include="cEllipse.cpp">
      <Filter>Source Files\Tools</Filter>
    </ClCompile>
    <ClCompile Include="cButton.cpp">
      <Filter>Source Files\Buttons</Filter>
    </ClCompile>
    <ClCompile Include="cLine.cpp">
      <Filter>Source Files\Tools</Filter>
    </ClCompile>
    <ClCompile Include="cButtonLine.cpp">
      <Filter>Source Files\Buttons</Filter>
    </ClCompile>
    <ClCompile Include="cButtonSizeUp.cpp">
      <Filter>Source Files\Buttons</Filter>
    </ClCompile>
    <ClCompile Include="cButtonSizeDown.cpp">
      <Filter>Source Files\Buttons</Filter>
    </ClCompile>
    <ClCompile Include="cFileInterface.cpp">
      <Filter>Source Files</Filter>
    </ClCompile>
    <ClCompile Include="cButtonSaveFile.cpp">
      <Filter>Source Files\Buttons</Filter>
    </ClCompile>
    <ClCompile Include="cButtonLoadFile.cpp">
      <Filter>Source Files\Buttons</Filter>
    </ClCompile>
    <ClCompile Include="cPolygon.cpp">
      <Filter>Source Files\Tools</Filter>
    </ClCompile>
    <ClCompile Include="cButtonPolygon.cpp">
      <Filter>Source Files\Buttons</Filter>
    </ClCompile>
    <ClCompile Include="cButtonStamp.cpp">
      <Filter>Source Files\Buttons</Filter>
    </ClCompile>
    <ClCompile Include="cStamp.cpp">
      <Filter>Source Files\Tools</Filter>
    </ClCompile>
    <ClCompile Include="cButtonCancel.cpp">
      <Filter>Source Files\Buttons\Color Picker Buttons</Filter>
    </ClCompile>
    <ClCompile Include="cButtonApply.cpp">
      <Filter>Source Files\Buttons\Color Picker Buttons</Filter>
    </ClCompile>
    <ClCompile Include="cColorBox.cpp">
      <Filter>Source Files\Buttons\Color Picker Buttons</Filter>
    </ClCompile>
    <ClCompile Include="cColorBoxBG.cpp">
      <Filter>Source Files\Buttons\Color Picker Buttons</Filter>
    </ClCompile>
    <ClCompile Include="cColorBoxFG.cpp">
      <Filter>Source Files\Buttons\Color Picker Buttons</Filter>
    </ClCompile>
    <ClCompile Include="cButtonColor.cpp">
      <Filter>Source Files\Buttons\Color Picker Buttons</Filter>
    </ClCompile>
    <ClCompile Include="cColorPickerManager.cpp">
      <Filter>Source Files\Managers</Filter>
    </ClCompile>
  </ItemGroup>
  <ItemGroup>
    <ClInclude Include="cTool.h">
      <Filter>Header Files\Tools</Filter>
    </ClInclude>
    <ClInclude Include="cRectangle.h">
      <Filter>Header Files\Tools</Filter>
    </ClInclude>
    <ClInclude Include="cCanvas.h">
      <Filter>Header Files</Filter>
    </ClInclude>
    <ClInclude Include="cEventManager.h">
      <Filter>Header Files\Managers</Filter>
    </ClInclude>
    <ClInclude Include="cToolManager.h">
      <Filter>Header Files\Managers</Filter>
    </ClInclude>
    <ClInclude Include="cWindowManager.h">
      <Filter>Header Files\Managers</Filter>
    </ClInclude>
    <ClInclude Include="cButtonRectangle.h">
      <Filter>Header Files\Buttons</Filter>
    </ClInclude>
    <ClInclude Include="cButtonEllipse.h">
      <Filter>Header Files\Buttons</Filter>
    </ClInclude>
    <ClInclude Include="cButtonManager.h">
      <Filter>Header Files\Managers</Filter>
    </ClInclude>
    <ClInclude Include="cEllipse.h">
      <Filter>Header Files\Tools</Filter>
    </ClInclude>
    <ClInclude Include="cButton.h">
      <Filter>Header Files\Buttons</Filter>
    </ClInclude>
    <ClInclude Include="cLine.h">
      <Filter>Header Files\Tools</Filter>
    </ClInclude>
    <ClInclude Include="cButtonLine.h">
      <Filter>Header Files\Buttons</Filter>
    </ClInclude>
    <ClInclude Include="cButtonSizeUp.h">
      <Filter>Header Files\Buttons</Filter>
    </ClInclude>
    <ClInclude Include="cButtonSizeDown.h">
      <Filter>Header Files\Buttons</Filter>
    </ClInclude>
    <ClInclude Include="cFileInterface.h">
      <Filter>Header Files</Filter>
    </ClInclude>
    <ClInclude Include="cButtonLoadFile.h">
      <Filter>Header Files\Buttons</Filter>
    </ClInclude>
    <ClInclude Include="cButtonSaveFile.h">
      <Filter>Header Files\Buttons</Filter>
    </ClInclude>
    <ClInclude Include="cPolygon.h">
      <Filter>Header Files\Tools</Filter>
    </ClInclude>
    <ClInclude Include="cButtonPolygon.h">
      <Filter>Header Files\Buttons</Filter>
    </ClInclude>
    <ClInclude Include="cButtonStamp.h">
      <Filter>Header Files\Buttons</Filter>
    </ClInclude>
    <ClInclude Include="cStamp.h">
      <Filter>Header Files\Tools</Filter>
    </ClInclude>
    <ClInclude Include="cButtonCancel.h">
      <Filter>Header Files\Buttons\Color Picker Buttons</Filter>
    </ClInclude>
    <ClInclude Include="cButtonApply.h">
      <Filter>Header Files\Buttons\Color Picker Buttons</Filter>
    </ClInclude>
    <ClInclude Include="cColorBoxFG.h">
      <Filter>Header Files\Buttons\Color Picker Buttons</Filter>
    </ClInclude>
    <ClInclude Include="cColorBox.h">
      <Filter>Header Files\Buttons\Color Picker Buttons</Filter>
    </ClInclude>
    <ClInclude Include="cColorBoxBG.h">
      <Filter>Header Files\Buttons\Color Picker Buttons</Filter>
    </ClInclude>
    <ClInclude Include="cButtonColor.h">
      <Filter>Header Files\Buttons\Color Picker Buttons</Filter>
    </ClInclude>
    <ClInclude Include="cColorPickerManager.h">
      <Filter>Header Files\Managers</Filter>
    </ClInclude>
  </ItemGroup>
</Project>