<?xml version="1.0" encoding="utf-8"?>
<Project ToolsVersion="4.0" xmlns="http://schemas.microsoft.com/developer/msbuild/2003">
  <ItemGroup>
    <Filter Include="Source Files">
      <UniqueIdentifier>{4FC737F1-C7A5-4376-A066-2A32D752A2FF}</UniqueIdentifier>
      <Extensions>cpp;c;cc;cxx;c++;cppm;ixx;def;odl;idl;hpj;bat;asm;asmx</Extensions>
    </Filter>
    <Filter Include="Header Files">
      <UniqueIdentifier>{93995380-89BD-4b04-88EB-625FBE52EBFB}</UniqueIdentifier>
      <Extensions>h;hh;hpp;hxx;h++;hm;inl;inc;ipp;xsd</Extensions>
    </Filter>
    <Filter Include="Resource Files">
      <UniqueIdentifier>{67DA6AB6-F800-4c08-8B7A-83BB121AAD01}</UniqueIdentifier>
      <Extensions>rc;ico;cur;bmp;dlg;rc2;rct;bin;rgs;gif;jpg;jpeg;jpe;resx;tiff;tif;png;wav;mfcribbon-ms</Extensions>
    </Filter>
    <Filter Include="Header Files\Tools">
      <UniqueIdentifier>{ae63da3a-5f6d-4008-8a7a-693188519b0d}</UniqueIdentifier>
    </Filter>
    <Filter Include="Source Files\Tools">
      <UniqueIdentifier>{be35d15c-a38a-418e-b8fe-c7c051ea6c04}</UniqueIdentifier>
    </Filter>
    <Filter Include="Header Files\Managers">
      <UniqueIdentifier>{64a82971-9d8a-4efa-a6d8-6f637654a744}</UniqueIdentifier>
    </Filter>
    <Filter Include="Source Files\Managers">
      <UniqueIdentifier>{b22c05c7-d868-4e03-b8cc-22f8c868ecdd}</UniqueIdentifier>
    </Filter>
    <Filter Include="Header Files\Buttons">
      <UniqueIdentifier>{5722487b-44a2-46d4-9fe9-67639e3dee46}</UniqueIdentifier>
    </Filter>
    <Filter Include="Source Files\Buttons">
      <UniqueIdentifier>{594535bc-643f-4b08-8ca7-bb13a5d2ebf3}</UniqueIdentifier>
    </Filter>
  </ItemGroup>
  <ItemGroup>
    <ClCompile Include="main.cpp">
      <Filter>Source Files</Filter>
    </ClCompile>
    <ClCompile Include="cRectangle.cpp">
      <Filter>Source Files\Tools</Filter>
    </ClCompile>
    <ClCompile Include="cCanvas.cpp">
      <Filter>Source Files</Filter>
    </ClCompile>
    <ClCompile Include="cEventManager.cpp">
      <Filter>Source Files\Managers</Filter>
    </ClCompile>
    <ClCompile Include="cToolManager.cpp">
      <Filter>Source Files\Managers</Filter>
    </ClCompile>
    <ClCompile Include="cTool.cpp">
      <Filter>Source Files\Tools</Filter>
    </ClCompile>
    <ClCompile Include="cWindowManager.cpp">
      <Filter>Source Files\Managers</Filter>
    </ClCompile>
    <ClCompile Include="cButtonRectangle.cpp">
      <Filter>Source Files\Buttons</Filter>
    </ClCompile>
    <ClCompile Include="cButtonManager.cpp">
      <Filter>Source Files\Managers</Filter>
    </ClCompile>
    <ClCompile Include="cButtonEllipse.cpp">
      <Filter>Source Files\Buttons</Filter>
    </ClCompile>
    <ClCompile Include="cEllipse.cpp">
      <Filter>Source Files\Tools</Filter>
    </ClCompile>
    <ClCompile Include="cButton.cpp">
      <Filter>Source Files\Buttons</Filter>
    </ClCompile>
  </ItemGroup>
  <ItemGroup>
    <ClInclude Include="cTool.h">
      <Filter>Header Files\Tools</Filter>
    </ClInclude>
    <ClInclude Include="cRectangle.h">
      <Filter>Header Files\Tools</Filter>
    </ClInclude>
    <ClInclude Include="cCanvas.h">
      <Filter>Header Files</Filter>
    </ClInclude>
    <ClInclude Include="cEventManager.h">
      <Filter>Header Files\Managers</Filter>
    </ClInclude>
    <ClInclude Include="cToolManager.h">
      <Filter>Header Files\Managers</Filter>
    </ClInclude>
    <ClInclude Include="cWindowManager.h">
      <Filter>Header Files\Managers</Filter>
    </ClInclude>
    <ClInclude Include="cButtonRectangle.h">
      <Filter>Header Files\Buttons</Filter>
    </ClInclude>
    <ClInclude Include="cButtonEllipse.h">
      <Filter>Header Files\Buttons</Filter>
    </ClInclude>
    <ClInclude Include="cButtonManager.h">
      <Filter>Header Files\Managers</Filter>
    </ClInclude>
    <ClInclude Include="cEllipse.h">
      <Filter>Header Files\Tools</Filter>
    </ClInclude>
    <ClInclude Include="cButton.h">
      <Filter>Header Files\Buttons</Filter>
    </ClInclude>
  </ItemGroup>
</Project>